// !$*UTF8*$!
{
	archiveVersion = 1;
	classes = {
	};
	objectVersion = 46;
	objects = {

/* Begin PBXBuildFile section */
		5A6D5F6D1E72DA50007E8239 /* main.m in Sources */ = {isa = PBXBuildFile; fileRef = 5A6D5F6C1E72DA50007E8239 /* main.m */; };
		5A6D5F701E72DA50007E8239 /* AppDelegate.m in Sources */ = {isa = PBXBuildFile; fileRef = 5A6D5F6F1E72DA50007E8239 /* AppDelegate.m */; };
		5A6D5F761E72DA50007E8239 /* Main.storyboard in Resources */ = {isa = PBXBuildFile; fileRef = 5A6D5F741E72DA50007E8239 /* Main.storyboard */; };
		5A6D5F781E72DA50007E8239 /* Assets.xcassets in Resources */ = {isa = PBXBuildFile; fileRef = 5A6D5F771E72DA50007E8239 /* Assets.xcassets */; };
		5A6D5F7B1E72DA50007E8239 /* LaunchScreen.storyboard in Resources */ = {isa = PBXBuildFile; fileRef = 5A6D5F791E72DA50007E8239 /* LaunchScreen.storyboard */; };
		5A6D5F861E72DA51007E8239 /* NeteaseNewsTests.m in Sources */ = {isa = PBXBuildFile; fileRef = 5A6D5F851E72DA51007E8239 /* NeteaseNewsTests.m */; };
		5A6D5F911E72DA51007E8239 /* NeteaseNewsUITests.m in Sources */ = {isa = PBXBuildFile; fileRef = 5A6D5F901E72DA51007E8239 /* NeteaseNewsUITests.m */; };
		5A6D5FA61E72E46B007E8239 /* KRHomeController.m in Sources */ = {isa = PBXBuildFile; fileRef = 5A6D5FA51E72E46B007E8239 /* KRHomeController.m */; };
		5A6D5FAC1E72E6C2007E8239 /* KRChannelModel.m in Sources */ = {isa = PBXBuildFile; fileRef = 5A6D5FAB1E72E6C2007E8239 /* KRChannelModel.m */; };
		5A6D5FAE1E72E728007E8239 /* topic_news.json in Resources */ = {isa = PBXBuildFile; fileRef = 5A6D5FAD1E72E728007E8239 /* topic_news.json */; };
		5A8AE4921E744BEE0093105C /* KRNewsTableViewCell.m in Sources */ = {isa = PBXBuildFile; fileRef = 5A8AE4901E744BEE0093105C /* KRNewsTableViewCell.m */; };
		5A8AE4931E744BEE0093105C /* KRNewsTableViewCell.xib in Resources */ = {isa = PBXBuildFile; fileRef = 5A8AE4911E744BEE0093105C /* KRNewsTableViewCell.xib */; };
		5A8AE4951E7454420093105C /* bigCell.xib in Resources */ = {isa = PBXBuildFile; fileRef = 5A8AE4941E7454420093105C /* bigCell.xib */; };
		5A936DF81E72F71B00272044 /* KRChannelLable.m in Sources */ = {isa = PBXBuildFile; fileRef = 5A936DF71E72F71B00272044 /* KRChannelLable.m */; };
		5A936DFB1E72FEB400272044 /* KRNewsTableViewController.m in Sources */ = {isa = PBXBuildFile; fileRef = 5A936DFA1E72FEB400272044 /* KRNewsTableViewController.m */; };
		5A936DFE1E72FF1800272044 /* KRNewsCollectionViewCell.m in Sources */ = {isa = PBXBuildFile; fileRef = 5A936DFD1E72FF1800272044 /* KRNewsCollectionViewCell.m */; };
		5A936E011E73012E00272044 /* KRNetworkTools.m in Sources */ = {isa = PBXBuildFile; fileRef = 5A936E001E73012E00272044 /* KRNetworkTools.m */; };
		5A936E041E73876000272044 /* KRNewsModel.m in Sources */ = {isa = PBXBuildFile; fileRef = 5A936E031E73876000272044 /* KRNewsModel.m */; };
		734DDF541498005B894A2FB4 /* libPods-NeteaseNews.a in Frameworks */ = {isa = PBXBuildFile; fileRef = B92F923B3F62CF74E51CAB92 /* libPods-NeteaseNews.a */; };
/* End PBXBuildFile section */

/* Begin PBXContainerItemProxy section */
		5A6D5F821E72DA51007E8239 /* PBXContainerItemProxy */ = {
			isa = PBXContainerItemProxy;
			containerPortal = 5A6D5F601E72DA50007E8239 /* Project object */;
			proxyType = 1;
			remoteGlobalIDString = 5A6D5F671E72DA50007E8239;
			remoteInfo = NeteaseNews;
		};
		5A6D5F8D1E72DA51007E8239 /* PBXContainerItemProxy */ = {
			isa = PBXContainerItemProxy;
			containerPortal = 5A6D5F601E72DA50007E8239 /* Project object */;
			proxyType = 1;
			remoteGlobalIDString = 5A6D5F671E72DA50007E8239;
			remoteInfo = NeteaseNews;
		};
/* End PBXContainerItemProxy section */

/* Begin PBXFileReference section */
		2A30DECAB8FFA3D2A813F058 /* Pods-NeteaseNews.debug.xcconfig */ = {isa = PBXFileReference; includeInIndex = 1; lastKnownFileType = text.xcconfig; name = "Pods-NeteaseNews.debug.xcconfig"; path = "Pods/Target Support Files/Pods-NeteaseNews/Pods-NeteaseNews.debug.xcconfig"; sourceTree = "<group>"; };
		3D049DA1FB7078E4BC90A725 /* Pods-NeteaseNews.release.xcconfig */ = {isa = PBXFileReference; includeInIndex = 1; lastKnownFileType = text.xcconfig; name = "Pods-NeteaseNews.release.xcconfig"; path = "Pods/Target Support Files/Pods-NeteaseNews/Pods-NeteaseNews.release.xcconfig"; sourceTree = "<group>"; };
		5A6D5F681E72DA50007E8239 /* NeteaseNews.app */ = {isa = PBXFileReference; explicitFileType = wrapper.application; includeInIndex = 0; path = NeteaseNews.app; sourceTree = BUILT_PRODUCTS_DIR; };
		5A6D5F6C1E72DA50007E8239 /* main.m */ = {isa = PBXFileReference; lastKnownFileType = sourcecode.c.objc; path = main.m; sourceTree = "<group>"; };
		5A6D5F6E1E72DA50007E8239 /* AppDelegate.h */ = {isa = PBXFileReference; lastKnownFileType = sourcecode.c.h; path = AppDelegate.h; sourceTree = "<group>"; };
		5A6D5F6F1E72DA50007E8239 /* AppDelegate.m */ = {isa = PBXFileReference; lastKnownFileType = sourcecode.c.objc; path = AppDelegate.m; sourceTree = "<group>"; };
		5A6D5F751E72DA50007E8239 /* Base */ = {isa = PBXFileReference; lastKnownFileType = file.storyboard; name = Base; path = Base.lproj/Main.storyboard; sourceTree = "<group>"; };
		5A6D5F771E72DA50007E8239 /* Assets.xcassets */ = {isa = PBXFileReference; lastKnownFileType = folder.assetcatalog; path = Assets.xcassets; sourceTree = "<group>"; };
		5A6D5F7A1E72DA50007E8239 /* Base */ = {isa = PBXFileReference; lastKnownFileType = file.storyboard; name = Base; path = Base.lproj/LaunchScreen.storyboard; sourceTree = "<group>"; };
		5A6D5F7C1E72DA50007E8239 /* Info.plist */ = {isa = PBXFileReference; lastKnownFileType = text.plist.xml; path = Info.plist; sourceTree = "<group>"; };
		5A6D5F811E72DA51007E8239 /* NeteaseNewsTests.xctest */ = {isa = PBXFileReference; explicitFileType = wrapper.cfbundle; includeInIndex = 0; path = NeteaseNewsTests.xctest; sourceTree = BUILT_PRODUCTS_DIR; };
		5A6D5F851E72DA51007E8239 /* NeteaseNewsTests.m */ = {isa = PBXFileReference; lastKnownFileType = sourcecode.c.objc; path = NeteaseNewsTests.m; sourceTree = "<group>"; };
		5A6D5F871E72DA51007E8239 /* Info.plist */ = {isa = PBXFileReference; lastKnownFileType = text.plist.xml; path = Info.plist; sourceTree = "<group>"; };
		5A6D5F8C1E72DA51007E8239 /* NeteaseNewsUITests.xctest */ = {isa = PBXFileReference; explicitFileType = wrapper.cfbundle; includeInIndex = 0; path = NeteaseNewsUITests.xctest; sourceTree = BUILT_PRODUCTS_DIR; };
		5A6D5F901E72DA51007E8239 /* NeteaseNewsUITests.m */ = {isa = PBXFileReference; lastKnownFileType = sourcecode.c.objc; path = NeteaseNewsUITests.m; sourceTree = "<group>"; };
		5A6D5F921E72DA51007E8239 /* Info.plist */ = {isa = PBXFileReference; lastKnownFileType = text.plist.xml; path = Info.plist; sourceTree = "<group>"; };
		5A6D5FA41E72E46B007E8239 /* KRHomeController.h */ = {isa = PBXFileReference; fileEncoding = 4; lastKnownFileType = sourcecode.c.h; path = KRHomeController.h; sourceTree = "<group>"; };
		5A6D5FA51E72E46B007E8239 /* KRHomeController.m */ = {isa = PBXFileReference; fileEncoding = 4; lastKnownFileType = sourcecode.c.objc; path = KRHomeController.m; sourceTree = "<group>"; };
		5A6D5FAA1E72E6C2007E8239 /* KRChannelModel.h */ = {isa = PBXFileReference; fileEncoding = 4; lastKnownFileType = sourcecode.c.h; path = KRChannelModel.h; sourceTree = "<group>"; };
		5A6D5FAB1E72E6C2007E8239 /* KRChannelModel.m */ = {isa = PBXFileReference; fileEncoding = 4; lastKnownFileType = sourcecode.c.objc; path = KRChannelModel.m; sourceTree = "<group>"; };
		5A6D5FAD1E72E728007E8239 /* topic_news.json */ = {isa = PBXFileReference; fileEncoding = 4; lastKnownFileType = text.json; path = topic_news.json; sourceTree = "<group>"; };
		5A8AE48F1E744BEE0093105C /* KRNewsTableViewCell.h */ = {isa = PBXFileReference; fileEncoding = 4; lastKnownFileType = sourcecode.c.h; path = KRNewsTableViewCell.h; sourceTree = "<group>"; };
		5A8AE4901E744BEE0093105C /* KRNewsTableViewCell.m */ = {isa = PBXFileReference; fileEncoding = 4; lastKnownFileType = sourcecode.c.objc; path = KRNewsTableViewCell.m; sourceTree = "<group>"; };
		5A8AE4911E744BEE0093105C /* KRNewsTableViewCell.xib */ = {isa = PBXFileReference; fileEncoding = 4; lastKnownFileType = file.xib; path = KRNewsTableViewCell.xib; sourceTree = "<group>"; };
		5A8AE4941E7454420093105C /* bigCell.xib */ = {isa = PBXFileReference; fileEncoding = 4; lastKnownFileType = file.xib; path = bigCell.xib; sourceTree = "<group>"; };
		5A936DF61E72F71B00272044 /* KRChannelLable.h */ = {isa = PBXFileReference; fileEncoding = 4; lastKnownFileType = sourcecode.c.h; path = KRChannelLable.h; sourceTree = "<group>"; };
		5A936DF71E72F71B00272044 /* KRChannelLable.m */ = {isa = PBXFileReference; fileEncoding = 4; lastKnownFileType = sourcecode.c.objc; path = KRChannelLable.m; sourceTree = "<group>"; };
		5A936DF91E72FEB400272044 /* KRNewsTableViewController.h */ = {isa = PBXFileReference; fileEncoding = 4; lastKnownFileType = sourcecode.c.h; path = KRNewsTableViewController.h; sourceTree = "<group>"; };
		5A936DFA1E72FEB400272044 /* KRNewsTableViewController.m */ = {isa = PBXFileReference; fileEncoding = 4; lastKnownFileType = sourcecode.c.objc; path = KRNewsTableViewController.m; sourceTree = "<group>"; };
		5A936DFC1E72FF1800272044 /* KRNewsCollectionViewCell.h */ = {isa = PBXFileReference; fileEncoding = 4; lastKnownFileType = sourcecode.c.h; path = KRNewsCollectionViewCell.h; sourceTree = "<group>"; };
		5A936DFD1E72FF1800272044 /* KRNewsCollectionViewCell.m */ = {isa = PBXFileReference; fileEncoding = 4; lastKnownFileType = sourcecode.c.objc; path = KRNewsCollectionViewCell.m; sourceTree = "<group>"; };
		5A936DFF1E73012E00272044 /* KRNetworkTools.h */ = {isa = PBXFileReference; fileEncoding = 4; lastKnownFileType = sourcecode.c.h; path = KRNetworkTools.h; sourceTree = "<group>"; };
		5A936E001E73012E00272044 /* KRNetworkTools.m */ = {isa = PBXFileReference; fileEncoding = 4; lastKnownFileType = sourcecode.c.objc; path = KRNetworkTools.m; sourceTree = "<group>"; };
		5A936E021E73876000272044 /* KRNewsModel.h */ = {isa = PBXFileReference; fileEncoding = 4; lastKnownFileType = sourcecode.c.h; path = KRNewsModel.h; sourceTree = "<group>"; };
		5A936E031E73876000272044 /* KRNewsModel.m */ = {isa = PBXFileReference; fileEncoding = 4; lastKnownFileType = sourcecode.c.objc; path = KRNewsModel.m; sourceTree = "<group>"; };
		B92F923B3F62CF74E51CAB92 /* libPods-NeteaseNews.a */ = {isa = PBXFileReference; explicitFileType = archive.ar; includeInIndex = 0; path = "libPods-NeteaseNews.a"; sourceTree = BUILT_PRODUCTS_DIR; };
/* End PBXFileReference section */

/* Begin PBXFrameworksBuildPhase section */
		5A6D5F651E72DA50007E8239 /* Frameworks */ = {
			isa = PBXFrameworksBuildPhase;
			buildActionMask = 2147483647;
			files = (
				734DDF541498005B894A2FB4 /* libPods-NeteaseNews.a in Frameworks */,
			);
			runOnlyForDeploymentPostprocessing = 0;
		};
		5A6D5F7E1E72DA51007E8239 /* Frameworks */ = {
			isa = PBXFrameworksBuildPhase;
			buildActionMask = 2147483647;
			files = (
			);
			runOnlyForDeploymentPostprocessing = 0;
		};
		5A6D5F891E72DA51007E8239 /* Frameworks */ = {
			isa = PBXFrameworksBuildPhase;
			buildActionMask = 2147483647;
			files = (
			);
			runOnlyForDeploymentPostprocessing = 0;
		};
/* End PBXFrameworksBuildPhase section */

/* Begin PBXGroup section */
		38ECAB1DBE878417F00073A5 /* Pods */ = {
			isa = PBXGroup;
			children = (
				2A30DECAB8FFA3D2A813F058 /* Pods-NeteaseNews.debug.xcconfig */,
				3D049DA1FB7078E4BC90A725 /* Pods-NeteaseNews.release.xcconfig */,
			);
			name = Pods;
			sourceTree = "<group>";
		};
		5A6D5F5F1E72DA50007E8239 = {
			isa = PBXGroup;
			children = (
				5A6D5F6A1E72DA50007E8239 /* NeteaseNews */,
				5A6D5F841E72DA51007E8239 /* NeteaseNewsTests */,
				5A6D5F8F1E72DA51007E8239 /* NeteaseNewsUITests */,
				5A6D5F691E72DA50007E8239 /* Products */,
				38ECAB1DBE878417F00073A5 /* Pods */,
				76A88956770524810D607AD9 /* Frameworks */,
			);
			sourceTree = "<group>";
		};
		5A6D5F691E72DA50007E8239 /* Products */ = {
			isa = PBXGroup;
			children = (
				5A6D5F681E72DA50007E8239 /* NeteaseNews.app */,
				5A6D5F811E72DA51007E8239 /* NeteaseNewsTests.xctest */,
				5A6D5F8C1E72DA51007E8239 /* NeteaseNewsUITests.xctest */,
			);
			name = Products;
			sourceTree = "<group>";
		};
		5A6D5F6A1E72DA50007E8239 /* NeteaseNews */ = {
			isa = PBXGroup;
			children = (
				5A6D5F9E1E72E130007E8239 /* Classes */,
				5A6D5F6E1E72DA50007E8239 /* AppDelegate.h */,
				5A6D5F6F1E72DA50007E8239 /* AppDelegate.m */,
				5A6D5F741E72DA50007E8239 /* Main.storyboard */,
				5A6D5F771E72DA50007E8239 /* Assets.xcassets */,
				5A6D5F791E72DA50007E8239 /* LaunchScreen.storyboard */,
				5A6D5F7C1E72DA50007E8239 /* Info.plist */,
				5A6D5FAD1E72E728007E8239 /* topic_news.json */,
				5A6D5F6B1E72DA50007E8239 /* Supporting Files */,
			);
			path = NeteaseNews;
			sourceTree = "<group>";
		};
		5A6D5F6B1E72DA50007E8239 /* Supporting Files */ = {
			isa = PBXGroup;
			children = (
				5A6D5F6C1E72DA50007E8239 /* main.m */,
			);
			name = "Supporting Files";
			sourceTree = "<group>";
		};
		5A6D5F841E72DA51007E8239 /* NeteaseNewsTests */ = {
			isa = PBXGroup;
			children = (
				5A6D5F851E72DA51007E8239 /* NeteaseNewsTests.m */,
				5A6D5F871E72DA51007E8239 /* Info.plist */,
			);
			path = NeteaseNewsTests;
			sourceTree = "<group>";
		};
		5A6D5F8F1E72DA51007E8239 /* NeteaseNewsUITests */ = {
			isa = PBXGroup;
			children = (
				5A6D5F901E72DA51007E8239 /* NeteaseNewsUITests.m */,
				5A6D5F921E72DA51007E8239 /* Info.plist */,
			);
			path = NeteaseNewsUITests;
			sourceTree = "<group>";
		};
		5A6D5F9E1E72E130007E8239 /* Classes */ = {
			isa = PBXGroup;
			children = (
				5A6D5FA31E72E130007E8239 /* Tools */,
				5A6D5F9F1E72E130007E8239 /* Home */,
			);
			path = Classes;
			sourceTree = "<group>";
		};
		5A6D5F9F1E72E130007E8239 /* Home */ = {
			isa = PBXGroup;
			children = (
				5A6D5FA01E72E130007E8239 /* Controller */,
				5A6D5FA11E72E130007E8239 /* Model */,
				5A6D5FA21E72E130007E8239 /* View */,
			);
			path = Home;
			sourceTree = "<group>";
		};
		5A6D5FA01E72E130007E8239 /* Controller */ = {
			isa = PBXGroup;
			children = (
				5A6D5FA41E72E46B007E8239 /* KRHomeController.h */,
				5A6D5FA51E72E46B007E8239 /* KRHomeController.m */,
				5A936DF91E72FEB400272044 /* KRNewsTableViewController.h */,
				5A936DFA1E72FEB400272044 /* KRNewsTableViewController.m */,
			);
			path = Controller;
			sourceTree = "<group>";
		};
		5A6D5FA11E72E130007E8239 /* Model */ = {
			isa = PBXGroup;
			children = (
				5A6D5FAA1E72E6C2007E8239 /* KRChannelModel.h */,
				5A6D5FAB1E72E6C2007E8239 /* KRChannelModel.m */,
				5A936E021E73876000272044 /* KRNewsModel.h */,
				5A936E031E73876000272044 /* KRNewsModel.m */,
			);
			path = Model;
			sourceTree = "<group>";
		};
		5A6D5FA21E72E130007E8239 /* View */ = {
			isa = PBXGroup;
			children = (
				5A936DF61E72F71B00272044 /* KRChannelLable.h */,
				5A936DF71E72F71B00272044 /* KRChannelLable.m */,
				5A936DFC1E72FF1800272044 /* KRNewsCollectionViewCell.h */,
				5A936DFD1E72FF1800272044 /* KRNewsCollectionViewCell.m */,
				5A8AE48F1E744BEE0093105C /* KRNewsTableViewCell.h */,
				5A8AE4901E744BEE0093105C /* KRNewsTableViewCell.m */,
				5A8AE4911E744BEE0093105C /* KRNewsTableViewCell.xib */,
				5A8AE4941E7454420093105C /* bigCell.xib */,
			);
			path = View;
			sourceTree = "<group>";
		};
		5A6D5FA31E72E130007E8239 /* Tools */ = {
			isa = PBXGroup;
			children = (
				5A936DFF1E73012E00272044 /* KRNetworkTools.h */,
				5A936E001E73012E00272044 /* KRNetworkTools.m */,
			);
			path = Tools;
			sourceTree = "<group>";
		};
		76A88956770524810D607AD9 /* Frameworks */ = {
			isa = PBXGroup;
			children = (
				B92F923B3F62CF74E51CAB92 /* libPods-NeteaseNews.a */,
			);
			name = Frameworks;
			sourceTree = "<group>";
		};
/* End PBXGroup section */

/* Begin PBXNativeTarget section */
		5A6D5F671E72DA50007E8239 /* NeteaseNews */ = {
			isa = PBXNativeTarget;
			buildConfigurationList = 5A6D5F951E72DA51007E8239 /* Build configuration list for PBXNativeTarget "NeteaseNews" */;
			buildPhases = (
				6616D1CCF4EE182DAC8A8232 /* [CP] Check Pods Manifest.lock */,
				5A6D5F641E72DA50007E8239 /* Sources */,
				5A6D5F651E72DA50007E8239 /* Frameworks */,
				5A6D5F661E72DA50007E8239 /* Resources */,
				BE455410387DB5347C025A23 /* [CP] Embed Pods Frameworks */,
				8D7B5B9F6B6C3A95059A1DA2 /* [CP] Copy Pods Resources */,
			);
			buildRules = (
			);
			dependencies = (
			);
			name = NeteaseNews;
			productName = NeteaseNews;
			productReference = 5A6D5F681E72DA50007E8239 /* NeteaseNews.app */;
			productType = "com.apple.product-type.application";
		};
		5A6D5F801E72DA51007E8239 /* NeteaseNewsTests */ = {
			isa = PBXNativeTarget;
			buildConfigurationList = 5A6D5F981E72DA51007E8239 /* Build configuration list for PBXNativeTarget "NeteaseNewsTests" */;
			buildPhases = (
				5A6D5F7D1E72DA51007E8239 /* Sources */,
				5A6D5F7E1E72DA51007E8239 /* Frameworks */,
				5A6D5F7F1E72DA51007E8239 /* Resources */,
			);
			buildRules = (
			);
			dependencies = (
				5A6D5F831E72DA51007E8239 /* PBXTargetDependency */,
			);
			name = NeteaseNewsTests;
			productName = NeteaseNewsTests;
			productReference = 5A6D5F811E72DA51007E8239 /* NeteaseNewsTests.xctest */;
			productType = "com.apple.product-type.bundle.unit-test";
		};
		5A6D5F8B1E72DA51007E8239 /* NeteaseNewsUITests */ = {
			isa = PBXNativeTarget;
			buildConfigurationList = 5A6D5F9B1E72DA51007E8239 /* Build configuration list for PBXNativeTarget "NeteaseNewsUITests" */;
			buildPhases = (
				5A6D5F881E72DA51007E8239 /* Sources */,
				5A6D5F891E72DA51007E8239 /* Frameworks */,
				5A6D5F8A1E72DA51007E8239 /* Resources */,
			);
			buildRules = (
			);
			dependencies = (
				5A6D5F8E1E72DA51007E8239 /* PBXTargetDependency */,
			);
			name = NeteaseNewsUITests;
			productName = NeteaseNewsUITests;
			productReference = 5A6D5F8C1E72DA51007E8239 /* NeteaseNewsUITests.xctest */;
			productType = "com.apple.product-type.bundle.ui-testing";
		};
/* End PBXNativeTarget section */

/* Begin PBXProject section */
		5A6D5F601E72DA50007E8239 /* Project object */ = {
			isa = PBXProject;
			attributes = {
				CLASSPREFIX = KR;
				LastUpgradeCheck = 0820;
				ORGANIZATIONNAME = KaoRny;
				TargetAttributes = {
					5A6D5F671E72DA50007E8239 = {
						CreatedOnToolsVersion = 8.2;
						ProvisioningStyle = Automatic;
					};
					5A6D5F801E72DA51007E8239 = {
						CreatedOnToolsVersion = 8.2;
						ProvisioningStyle = Automatic;
						TestTargetID = 5A6D5F671E72DA50007E8239;
					};
					5A6D5F8B1E72DA51007E8239 = {
						CreatedOnToolsVersion = 8.2;
						ProvisioningStyle = Automatic;
						TestTargetID = 5A6D5F671E72DA50007E8239;
					};
				};
			};
			buildConfigurationList = 5A6D5F631E72DA50007E8239 /* Build configuration list for PBXProject "NeteaseNews" */;
			compatibilityVersion = "Xcode 3.2";
			developmentRegion = English;
			hasScannedForEncodings = 0;
			knownRegions = (
				en,
				Base,
			);
			mainGroup = 5A6D5F5F1E72DA50007E8239;
			productRefGroup = 5A6D5F691E72DA50007E8239 /* Products */;
			projectDirPath = "";
			projectRoot = "";
			targets = (
				5A6D5F671E72DA50007E8239 /* NeteaseNews */,
				5A6D5F801E72DA51007E8239 /* NeteaseNewsTests */,
				5A6D5F8B1E72DA51007E8239 /* NeteaseNewsUITests */,
			);
		};
/* End PBXProject section */

/* Begin PBXResourcesBuildPhase section */
		5A6D5F661E72DA50007E8239 /* Resources */ = {
			isa = PBXResourcesBuildPhase;
			buildActionMask = 2147483647;
			files = (
				5A8AE4931E744BEE0093105C /* KRNewsTableViewCell.xib in Resources */,
				5A6D5F7B1E72DA50007E8239 /* LaunchScreen.storyboard in Resources */,
				5A6D5F781E72DA50007E8239 /* Assets.xcassets in Resources */,
				5A6D5FAE1E72E728007E8239 /* topic_news.json in Resources */,
				5A8AE4951E7454420093105C /* bigCell.xib in Resources */,
				5A6D5F761E72DA50007E8239 /* Main.storyboard in Resources */,
			);
			runOnlyForDeploymentPostprocessing = 0;
		};
		5A6D5F7F1E72DA51007E8239 /* Resources */ = {
			isa = PBXResourcesBuildPhase;
			buildActionMask = 2147483647;
			files = (
			);
			runOnlyForDeploymentPostprocessing = 0;
		};
		5A6D5F8A1E72DA51007E8239 /* Resources */ = {
			isa = PBXResourcesBuildPhase;
			buildActionMask = 2147483647;
			files = (
			);
			runOnlyForDeploymentPostprocessing = 0;
		};
/* End PBXResourcesBuildPhase section */

/* Begin PBXShellScriptBuildPhase section */
		6616D1CCF4EE182DAC8A8232 /* [CP] Check Pods Manifest.lock */ = {
			isa = PBXShellScriptBuildPhase;
			buildActionMask = 2147483647;
			files = (
			);
			inputPaths = (
			);
			name = "[CP] Check Pods Manifest.lock";
			outputPaths = (
			);
			runOnlyForDeploymentPostprocessing = 0;
			shellPath = /bin/sh;
			shellScript = "diff \"${PODS_ROOT}/../Podfile.lock\" \"${PODS_ROOT}/Manifest.lock\" > /dev/null\nif [ $? != 0 ] ; then\n    # print error to STDERR\n    echo \"error: The sandbox is not in sync with the Podfile.lock. Run 'pod install' or update your CocoaPods installation.\" >&2\n    exit 1\nfi\n";
			showEnvVarsInLog = 0;
		};
		8D7B5B9F6B6C3A95059A1DA2 /* [CP] Copy Pods Resources */ = {
			isa = PBXShellScriptBuildPhase;
			buildActionMask = 2147483647;
			files = (
			);
			inputPaths = (
			);
			name = "[CP] Copy Pods Resources";
			outputPaths = (
			);
			runOnlyForDeploymentPostprocessing = 0;
			shellPath = /bin/sh;
			shellScript = "\"${SRCROOT}/Pods/Target Support Files/Pods-NeteaseNews/Pods-NeteaseNews-resources.sh\"\n";
			showEnvVarsInLog = 0;
		};
		BE455410387DB5347C025A23 /* [CP] Embed Pods Frameworks */ = {
			isa = PBXShellScriptBuildPhase;
			buildActionMask = 2147483647;
			files = (
			);
			inputPaths = (
			);
			name = "[CP] Embed Pods Frameworks";
			outputPaths = (
			);
			runOnlyForDeploymentPostprocessing = 0;
			shellPath = /bin/sh;
			shellScript = "\"${SRCROOT}/Pods/Target Support Files/Pods-NeteaseNews/Pods-NeteaseNews-frameworks.sh\"\n";
			showEnvVarsInLog = 0;
		};
/* End PBXShellScriptBuildPhase section */

/* Begin PBXSourcesBuildPhase section */
		5A6D5F641E72DA50007E8239 /* Sources */ = {
			isa = PBXSourcesBuildPhase;
			buildActionMask = 2147483647;
			files = (
				5A6D5F701E72DA50007E8239 /* AppDelegate.m in Sources */,
				5A6D5FA61E72E46B007E8239 /* KRHomeController.m in Sources */,
				5A6D5FAC1E72E6C2007E8239 /* KRChannelModel.m in Sources */,
				5A936E011E73012E00272044 /* KRNetworkTools.m in Sources */,
				5A936DFB1E72FEB400272044 /* KRNewsTableViewController.m in Sources */,
				5A6D5F6D1E72DA50007E8239 /* main.m in Sources */,
				5A936E041E73876000272044 /* KRNewsModel.m in Sources */,
				5A936DF81E72F71B00272044 /* KRChannelLable.m in Sources */,
				5A936DFE1E72FF1800272044 /* KRNewsCollectionViewCell.m in Sources */,
				5A8AE4921E744BEE0093105C /* KRNewsTableViewCell.m in Sources */,
			);
			runOnlyForDeploymentPostprocessing = 0;
		};
		5A6D5F7D1E72DA51007E8239 /* Sources */ = {
			isa = PBXSourcesBuildPhase;
			buildActionMask = 2147483647;
			files = (
				5A6D5F861E72DA51007E8239 /* NeteaseNewsTests.m in Sources */,
			);
			runOnlyForDeploymentPostprocessing = 0;
		};
		5A6D5F881E72DA51007E8239 /* Sources */ = {
			isa = PBXSourcesBuildPhase;
			buildActionMask = 2147483647;
			files = (
				5A6D5F911E72DA51007E8239 /* NeteaseNewsUITests.m in Sources */,
			);
			runOnlyForDeploymentPostprocessing = 0;
		};
/* End PBXSourcesBuildPhase section */

/* Begin PBXTargetDependency section */
		5A6D5F831E72DA51007E8239 /* PBXTargetDependency */ = {
			isa = PBXTargetDependency;
			target = 5A6D5F671E72DA50007E8239 /* NeteaseNews */;
			targetProxy = 5A6D5F821E72DA51007E8239 /* PBXContainerItemProxy */;
		};
		5A6D5F8E1E72DA51007E8239 /* PBXTargetDependency */ = {
			isa = PBXTargetDependency;
			target = 5A6D5F671E72DA50007E8239 /* NeteaseNews */;
			targetProxy = 5A6D5F8D1E72DA51007E8239 /* PBXContainerItemProxy */;
		};
/* End PBXTargetDependency section */

/* Begin PBXVariantGroup section */
		5A6D5F741E72DA50007E8239 /* Main.storyboard */ = {
			isa = PBXVariantGroup;
			children = (
				5A6D5F751E72DA50007E8239 /* Base */,
			);
			name = Main.storyboard;
			sourceTree = "<group>";
		};
		5A6D5F791E72DA50007E8239 /* LaunchScreen.storyboard */ = {
			isa = PBXVariantGroup;
			children = (
				5A6D5F7A1E72DA50007E8239 /* Base */,
			);
			name = LaunchScreen.storyboard;
			sourceTree = "<group>";
		};
/* End PBXVariantGroup section */

/* Begin XCBuildConfiguration section */
		5A6D5F931E72DA51007E8239 /* Debug */ = {
			isa = XCBuildConfiguration;
			buildSettings = {
				ALWAYS_SEARCH_USER_PATHS = NO;
				CLANG_ANALYZER_NONNULL = YES;
				CLANG_CXX_LANGUAGE_STANDARD = "gnu++0x";
				CLANG_CXX_LIBRARY = "libc++";
				CLANG_ENABLE_MODULES = YES;
				CLANG_ENABLE_OBJC_ARC = YES;
				CLANG_WARN_BOOL_CONVERSION = YES;
				CLANG_WARN_CONSTANT_CONVERSION = YES;
				CLANG_WARN_DIRECT_OBJC_ISA_USAGE = YES_ERROR;
				CLANG_WARN_DOCUMENTATION_COMMENTS = YES;
				CLANG_WARN_EMPTY_BODY = YES;
				CLANG_WARN_ENUM_CONVERSION = YES;
				CLANG_WARN_INFINITE_RECURSION = YES;
				CLANG_WARN_INT_CONVERSION = YES;
				CLANG_WARN_OBJC_ROOT_CLASS = YES_ERROR;
				CLANG_WARN_SUSPICIOUS_MOVE = YES;
				CLANG_WARN_UNREACHABLE_CODE = YES;
				CLANG_WARN__DUPLICATE_METHOD_MATCH = YES;
				"CODE_SIGN_IDENTITY[sdk=iphoneos*]" = "iPhone Developer";
				COPY_PHASE_STRIP = NO;
				DEBUG_INFORMATION_FORMAT = dwarf;
				ENABLE_STRICT_OBJC_MSGSEND = YES;
				ENABLE_TESTABILITY = YES;
				GCC_C_LANGUAGE_STANDARD = gnu99;
				GCC_DYNAMIC_NO_PIC = NO;
				GCC_NO_COMMON_BLOCKS = YES;
				GCC_OPTIMIZATION_LEVEL = 0;
				GCC_PREPROCESSOR_DEFINITIONS = (
					"DEBUG=1",
					"$(inherited)",
				);
				GCC_WARN_64_TO_32_BIT_CONVERSION = YES;
				GCC_WARN_ABOUT_RETURN_TYPE = YES_ERROR;
				GCC_WARN_UNDECLARED_SELECTOR = YES;
				GCC_WARN_UNINITIALIZED_AUTOS = YES_AGGRESSIVE;
				GCC_WARN_UNUSED_FUNCTION = YES;
				GCC_WARN_UNUSED_VARIABLE = YES;
				IPHONEOS_DEPLOYMENT_TARGET = 10.2;
				MTL_ENABLE_DEBUG_INFO = YES;
				ONLY_ACTIVE_ARCH = YES;
				SDKROOT = iphoneos;
			};
			name = Debug;
		};
		5A6D5F941E72DA51007E8239 /* Release */ = {
			isa = XCBuildConfiguration;
			buildSettings = {
				ALWAYS_SEARCH_USER_PATHS = NO;
				CLANG_ANALYZER_NONNULL = YES;
				CLANG_CXX_LANGUAGE_STANDARD = "gnu++0x";
				CLANG_CXX_LIBRARY = "libc++";
				CLANG_ENABLE_MODULES = YES;
				CLANG_ENABLE_OBJC_ARC = YES;
				CLANG_WARN_BOOL_CONVERSION = YES;
				CLANG_WARN_CONSTANT_CONVERSION = YES;
				CLANG_WARN_DIRECT_OBJC_ISA_USAGE = YES_ERROR;
				CLANG_WARN_DOCUMENTATION_COMMENTS = YES;
				CLANG_WARN_EMPTY_BODY = YES;
				CLANG_WARN_ENUM_CONVERSION = YES;
				CLANG_WARN_INFINITE_RECURSION = YES;
				CLANG_WARN_INT_CONVERSION = YES;
				CLANG_WARN_OBJC_ROOT_CLASS = YES_ERROR;
				CLANG_WARN_SUSPICIOUS_MOVE = YES;
				CLANG_WARN_UNREACHABLE_CODE = YES;
				CLANG_WARN__DUPLICATE_METHOD_MATCH = YES;
				"CODE_SIGN_IDENTITY[sdk=iphoneos*]" = "iPhone Developer";
				COPY_PHASE_STRIP = NO;
				DEBUG_INFORMATION_FORMAT = "dwarf-with-dsym";
				ENABLE_NS_ASSERTIONS = NO;
				ENABLE_STRICT_OBJC_MSGSEND = YES;
				GCC_C_LANGUAGE_STANDARD = gnu99;
				GCC_NO_COMMON_BLOCKS = YES;
				GCC_WARN_64_TO_32_BIT_CONVERSION = YES;
				GCC_WARN_ABOUT_RETURN_TYPE = YES_ERROR;
				GCC_WARN_UNDECLARED_SELECTOR = YES;
				GCC_WARN_UNINITIALIZED_AUTOS = YES_AGGRESSIVE;
				GCC_WARN_UNUSED_FUNCTION = YES;
				GCC_WARN_UNUSED_VARIABLE = YES;
				IPHONEOS_DEPLOYMENT_TARGET = 10.2;
				MTL_ENABLE_DEBUG_INFO = NO;
				SDKROOT = iphoneos;
				VALIDATE_PRODUCT = YES;
			};
			name = Release;
		};
		5A6D5F961E72DA51007E8239 /* Debug */ = {
			isa = XCBuildConfiguration;
			baseConfigurationReference = 2A30DECAB8FFA3D2A813F058 /* Pods-NeteaseNews.debug.xcconfig */;
			buildSettings = {
				ASSETCATALOG_COMPILER_APPICON_NAME = AppIcon;
				INFOPLIST_FILE = NeteaseNews/Info.plist;
				IPHONEOS_DEPLOYMENT_TARGET = 9.0;
				LD_RUNPATH_SEARCH_PATHS = "$(inherited) @executable_path/Frameworks";
				PRODUCT_BUNDLE_IDENTIFIER = com.itcast.NeteaseNews;
				PRODUCT_NAME = "$(TARGET_NAME)";
			};
			name = Debug;
		};
		5A6D5F971E72DA51007E8239 /* Release */ = {
			isa = XCBuildConfiguration;
			baseConfigurationReference = 3D049DA1FB7078E4BC90A725 /* Pods-NeteaseNews.release.xcconfig */;
			buildSettings = {
				ASSETCATALOG_COMPILER_APPICON_NAME = AppIcon;
				INFOPLIST_FILE = NeteaseNews/Info.plist;
				IPHONEOS_DEPLOYMENT_TARGET = 9.0;
				LD_RUNPATH_SEARCH_PATHS = "$(inherited) @executable_path/Frameworks";
				PRODUCT_BUNDLE_IDENTIFIER = com.itcast.NeteaseNews;
				PRODUCT_NAME = "$(TARGET_NAME)";
			};
			name = Release;
		};
		5A6D5F991E72DA51007E8239 /* Debug */ = {
			isa = XCBuildConfiguration;
			buildSettings = {
				BUNDLE_LOADER = "$(TEST_HOST)";
				INFOPLIST_FILE = NeteaseNewsTests/Info.plist;
				LD_RUNPATH_SEARCH_PATHS = "$(inherited) @executable_path/Frameworks @loader_path/Frameworks";
				PRODUCT_BUNDLE_IDENTIFIER = com.itcast.NeteaseNewsTests;
				PRODUCT_NAME = "$(TARGET_NAME)";
				TEST_HOST = "$(BUILT_PRODUCTS_DIR)/NeteaseNews.app/NeteaseNews";
			};
			name = Debug;
		};
		5A6D5F9A1E72DA51007E8239 /* Release */ = {
			isa = XCBuildConfiguration;
			buildSettings = {
				BUNDLE_LOADER = "$(TEST_HOST)";
				INFOPLIST_FILE = NeteaseNewsTests/Info.plist;
				LD_RUNPATH_SEARCH_PATHS = "$(inherited) @executable_path/Frameworks @loader_path/Frameworks";
				PRODUCT_BUNDLE_IDENTIFIER = com.itcast.NeteaseNewsTests;
				PRODUCT_NAME = "$(TARGET_NAME)";
				TEST_HOST = "$(BUILT_PRODUCTS_DIR)/NeteaseNews.app/NeteaseNews";
			};
			name = Release;
		};
		5A6D5F9C1E72DA51007E8239 /* Debug */ = {
			isa = XCBuildConfiguration;
			buildSettings = {
				INFOPLIST_FILE = NeteaseNewsUITests/Info.plist;
				LD_RUNPATH_SEARCH_PATHS = "$(inherited) @executable_path/Frameworks @loader_path/Frameworks";
				PRODUCT_BUNDLE_IDENTIFIER = com.itcast.NeteaseNewsUITests;
				PRODUCT_NAME = "$(TARGET_NAME)";
				TEST_TARGET_NAME = NeteaseNews;
			};
			name = Debug;
		};
		5A6D5F9D1E72DA51007E8239 /* Release */ = {
			isa = XCBuildConfiguration;
			buildSettings = {
				INFOPLIST_FILE = NeteaseNewsUITests/Info.plist;
				LD_RUNPATH_SEARCH_PATHS = "$(inherited) @executable_path/Frameworks @loader_path/Frameworks";
				PRODUCT_BUNDLE_IDENTIFIER = com.itcast.NeteaseNewsUITests;
				PRODUCT_NAME = "$(TARGET_NAME)";
				TEST_TARGET_NAME = NeteaseNews;
			};
			name = Release;
		};
/* End XCBuildConfiguration section */

/* Begin XCConfigurationList section */
		5A6D5F631E72DA50007E8239 /* Build configuration list for PBXProject "NeteaseNews" */ = {
			isa = XCConfigurationList;
			buildConfigurations = (
				5A6D5F931E72DA51007E8239 /* Debug */,
				5A6D5F941E72DA51007E8239 /* Release */,
			);
			defaultConfigurationIsVisible = 0;
			defaultConfigurationName = Release;
		};
		5A6D5F951E72DA51007E8239 /* Build configuration list for PBXNativeTarget "NeteaseNews" */ = {
			isa = XCConfigurationList;
			buildConfigurations = (
				5A6D5F961E72DA51007E8239 /* Debug */,
				5A6D5F971E72DA51007E8239 /* Release */,
			);
			defaultConfigurationIsVisible = 0;
			defaultConfigurationName = Release;
		};
		5A6D5F981E72DA51007E8239 /* Build configuration list for PBXNativeTarget "NeteaseNewsTests" */ = {
			isa = XCConfigurationList;
			buildConfigurations = (
				5A6D5F991E72DA51007E8239 /* Debug */,
				5A6D5F9A1E72DA51007E8239 /* Release */,
			);
			defaultConfigurationIsVisible = 0;
			defaultConfigurationName = Release;
		};
		5A6D5F9B1E72DA51007E8239 /* Build configuration list for PBXNativeTarget "NeteaseNewsUITests" */ = {
			isa = XCConfigurationList;
			buildConfigurations = (
				5A6D5F9C1E72DA51007E8239 /* Debug */,
				5A6D5F9D1E72DA51007E8239 /* Release */,
			);
			defaultConfigurationIsVisible = 0;
			defaultConfigurationName = Release;
		};
/* End XCConfigurationList section */
	};
	rootObject = 5A6D5F601E72DA50007E8239 /* Project object */;
}
